lockfileVersion: '9.0'

settings:
  autoInstallPeers: true
  excludeLinksFromLockfile: false

importers:

  .:
    devDependencies:
      typescript:
        specifier: ^5.9.3
        version: 5.9.3
      unrun:
        specifier: ^0.2.13
        version: 0.2.13

  example:
    dependencies:
      src:
        specifier: workspace:^
        version: link:../src

  src:
    dependencies:
      ramda:
        specifier: ^0.32.0
        version: 0.32.0
    devDependencies:
      '@types/ramda':
        specifier: ^0.31.1
        version: 0.31.1

packages:

  '@emnapi/core@1.7.1':
    resolution: {integrity: sha512-o1uhUASyo921r2XtHYOHy7gdkGLge8ghBEQHMWmyJFoXlpU58kIrhhN3w26lpQb6dspetweapMn2CSNwQ8I4wg==}

  '@emnapi/runtime@1.7.1':
    resolution: {integrity: sha512-PVtJr5CmLwYAU9PZDMITZoR5iAOShYREoR45EyyLrbntV50mdePTgUn4AmOw90Ifcj+x2kRjdzr1HP3RrNiHGA==}

  '@emnapi/wasi-threads@1.1.0':
    resolution: {integrity: sha512-WI0DdZ8xFSbgMjR1sFsKABJ/C5OnRrjT06JXbZKexJGrDuPTzZdDYfFlsgcCXCyf+suG5QU2e/y1Wo2V/OapLQ==}

  '@napi-rs/wasm-runtime@1.0.7':
    resolution: {integrity: sha512-SeDnOO0Tk7Okiq6DbXmmBODgOAb9dp9gjlphokTUxmt8U3liIP1ZsozBahH69j/RJv+Rfs6IwUKHTgQYJ/HBAw==}

  '@oxc-project/runtime@0.99.0':
    resolution: {integrity: sha512-8iE5/4OK0SLHqWzRxSvI1gjFPmIH6718s8iwkuco95rBZsCZIHq+5wy4lYsASxnH+8FOhbGndiUrcwsVG5i2zw==}
    engines: {node: ^20.19.0 || >=22.12.0}

  '@oxc-project/types@0.99.0':
    resolution: {integrity: sha512-LLDEhXB7g1m5J+woRSgfKsFPS3LhR9xRhTeIoEBm5WrkwMxn6eZ0Ld0c0K5eHB57ChZX6I3uSmmLjZ8pcjlRcw==}

  '@rolldown/binding-android-arm64@1.0.0-beta.52':
    resolution: {integrity: sha512-MBGIgysimZPqTDcLXI+i9VveijkP5C3EAncEogXhqfax6YXj1Tr2LY3DVuEOMIjWfMPMhtQSPup4fSTAmgjqIw==}
    engines: {node: ^20.19.0 || >=22.12.0}
    cpu: [arm64]
    os: [android]

  '@rolldown/binding-darwin-arm64@1.0.0-beta.52':
    resolution: {integrity: sha512-MmKeoLnKu1d9j6r19K8B+prJnIZ7u+zQ+zGQ3YHXGnr41rzE3eqQLovlkvoZnRoxDGPA4ps0pGiwXy6YE3lJyg==}
    engines: {node: ^20.19.0 || >=22.12.0}
    cpu: [arm64]
    os: [darwin]

  '@rolldown/binding-darwin-x64@1.0.0-beta.52':
    resolution: {integrity: sha512-qpHedvQBmIjT8zdnjN3nWPR2qjQyJttbXniCEKKdHeAbZG9HyNPBUzQF7AZZGwmS9coQKL+hWg9FhWzh2dZ2IA==}
    engines: {node: ^20.19.0 || >=22.12.0}
    cpu: [x64]
    os: [darwin]

  '@rolldown/binding-freebsd-x64@1.0.0-beta.52':
    resolution: {integrity: sha512-dDp7WbPapj/NVW0LSiH/CLwMhmLwwKb3R7mh2kWX+QW85X1DGVnIEyKh9PmNJjB/+suG1dJygdtdNPVXK1hylg==}
    engines: {node: ^20.19.0 || >=22.12.0}
    cpu: [x64]
    os: [freebsd]

  '@rolldown/binding-linux-arm-gnueabihf@1.0.0-beta.52':
    resolution: {integrity: sha512-9e4l6vy5qNSliDPqNfR6CkBOAx6PH7iDV4OJiEJzajajGrVy8gc/IKKJUsoE52G8ud8MX6r3PMl97NfwgOzB7g==}
    engines: {node: ^20.19.0 || >=22.12.0}
    cpu: [arm]
    os: [linux]

  '@rolldown/binding-linux-arm64-gnu@1.0.0-beta.52':
    resolution: {integrity: sha512-V48oDR84feRU2KRuzpALp594Uqlx27+zFsT6+BgTcXOtu7dWy350J1G28ydoCwKB+oxwsRPx2e7aeQnmd3YJbQ==}
    engines: {node: ^20.19.0 || >=22.12.0}
    cpu: [arm64]
    os: [linux]

  '@rolldown/binding-linux-arm64-musl@1.0.0-beta.52':
    resolution: {integrity: sha512-ENLmSQCWqSA/+YN45V2FqTIemg7QspaiTjlm327eUAMeOLdqmSOVVyrQexJGNTQ5M8sDYCgVAig2Kk01Ggmqaw==}
    engines: {node: ^20.19.0 || >=22.12.0}
    cpu: [arm64]
    os: [linux]

  '@rolldown/binding-linux-x64-gnu@1.0.0-beta.52':
    resolution: {integrity: sha512-klahlb2EIFltSUubn/VLjuc3qxp1E7th8ukayPfdkcKvvYcQ5rJztgx8JsJSuAKVzKtNTqUGOhy4On71BuyV8g==}
    engines: {node: ^20.19.0 || >=22.12.0}
    cpu: [x64]
    os: [linux]

  '@rolldown/binding-linux-x64-musl@1.0.0-beta.52':
    resolution: {integrity: sha512-UuA+JqQIgqtkgGN2c/AQ5wi8M6mJHrahz/wciENPTeI6zEIbbLGoth5XN+sQe2pJDejEVofN9aOAp0kaazwnVg==}
    engines: {node: ^20.19.0 || >=22.12.0}
    cpu: [x64]
    os: [linux]

  '@rolldown/binding-openharmony-arm64@1.0.0-beta.52':
    resolution: {integrity: sha512-1BNQW8u4ro8bsN1+tgKENJiqmvc+WfuaUhXzMImOVSMw28pkBKdfZtX2qJPADV3terx+vNJtlsgSGeb3+W6Jiw==}
    engines: {node: ^20.19.0 || >=22.12.0}
    cpu: [arm64]
    os: [openharmony]

  '@rolldown/binding-wasm32-wasi@1.0.0-beta.52':
    resolution: {integrity: sha512-K/p7clhCqJOQpXGykrFaBX2Dp9AUVIDHGc+PtFGBwg7V+mvBTv/tsm3LC3aUmH02H2y3gz4y+nUTQ0MLpofEEg==}
    engines: {node: '>=14.0.0'}
    cpu: [wasm32]

  '@rolldown/binding-win32-arm64-msvc@1.0.0-beta.52':
    resolution: {integrity: sha512-a4EkXBtnYYsKipjS7QOhEBM4bU5IlR9N1hU+JcVEVeuTiaslIyhWVKsvf7K2YkQHyVAJ+7/A9BtrGqORFcTgng==}
    engines: {node: ^20.19.0 || >=22.12.0}
    cpu: [arm64]
    os: [win32]

  '@rolldown/binding-win32-ia32-msvc@1.0.0-beta.52':
    resolution: {integrity: sha512-5ZXcYyd4GxPA6QfbGrNcQjmjbuLGvfz6728pZMsQvGHI+06LT06M6TPtXvFvLgXtexc+OqvFe1yAIXJU1gob/w==}
    engines: {node: ^20.19.0 || >=22.12.0}
    cpu: [ia32]
    os: [win32]

  '@rolldown/binding-win32-x64-msvc@1.0.0-beta.52':
    resolution: {integrity: sha512-tzpnRQXJrSzb8Z9sm97UD3cY0toKOImx+xRKsDLX4zHaAlRXWh7jbaKBePJXEN7gNw7Nm03PBNwphdtA8KSUYQ==}
    engines: {node: ^20.19.0 || >=22.12.0}
    cpu: [x64]
    os: [win32]

  '@rolldown/pluginutils@1.0.0-beta.52':
    resolution: {integrity: sha512-/L0htLJZbaZFL1g9OHOblTxbCYIGefErJjtYOwgl9ZqNx27P3L0SDfjhhHIss32gu5NWgnxuT2a2Hnnv6QGHKA==}

  '@tybys/wasm-util@0.10.1':
    resolution: {integrity: sha512-9tTaPJLSiejZKx+Bmog4uSubteqTvFrVrURwkmHixBo0G4seD0zUxp98E1DzUBJxLQ3NPwXrGKDiVjwx/DpPsg==}

  '@types/ramda@0.31.1':
    resolution: {integrity: sha512-Vt6sFXnuRpzaEj+yeutA0q3bcAsK7wdPuASIzR9LXqL4gJPyFw8im9qchlbp4ltuf3kDEIRmPJTD/Fkg60dn7g==}

  ramda@0.32.0:
    resolution: {integrity: sha512-GQWAHhxhxWBWA8oIBr1XahFVjQ9Fic6MK9ikijfd4TZHfE2+urfk+irVlR5VOn48uwMgM+loRRBJd6Yjsbc0zQ==}

  rolldown@1.0.0-beta.52:
    resolution: {integrity: sha512-Hbnpljue+JhMJrlOjQ1ixp9me7sUec7OjFvS+A1Qm8k8Xyxmw3ZhxFu7LlSXW1s9AX3POE9W9o2oqCEeR5uDmg==}
    engines: {node: ^20.19.0 || >=22.12.0}
    hasBin: true

  ts-toolbelt@9.6.0:
    resolution: {integrity: sha512-nsZd8ZeNUzukXPlJmTBwUAuABDe/9qtVDelJeT/qW0ow3ZS3BsQJtNkan1802aM9Uf68/Y8ljw86Hu0h5IUW3w==}

  tslib@2.8.1:
    resolution: {integrity: sha512-oJFu94HQb+KVduSUQL7wnpmqnfmLsOA/nAh6b6EH0wCEoK0/mPeXU6c3wKDV83MkOuHPRHtSXKKU99IBazS/2w==}

  types-ramda@0.31.0:
    resolution: {integrity: sha512-vaoC35CRC3xvL8Z6HkshDbi6KWM1ezK0LHN0YyxXWUn9HKzBNg/T3xSGlJZjCYspnOD3jE7bcizsp0bUXZDxnQ==}

  typescript@5.9.3:
    resolution: {integrity: sha512-jl1vZzPDinLr9eUt3J/t7V6FgNEw9QjvBPdysz9KfQDD41fQrC2Y4vKQdiaUpFT4bXlb1RHhLpp8wtm6M5TgSw==}
    engines: {node: '>=14.17'}
    hasBin: true

  unrun@0.2.13:
    resolution: {integrity: sha512-vHhOrQ6ntlLsYkP573zYVu8J9VDNm6x3vA1UurhcP/JEepbcSfI8dscuHIBOz5q+3uc1jUndZzpvTLgbntmgMg==}
    engines: {node: '>=20.19.0'}
    hasBin: true
    peerDependencies:
      synckit: ^0.11.11
    peerDependenciesMeta:
      synckit:
        optional: true

snapshots:

  '@emnapi/core@1.7.1':
    dependencies:
      '@emnapi/wasi-threads': 1.1.0
      tslib: 2.8.1
    optional: true

  '@emnapi/runtime@1.7.1':
    dependencies:
      tslib: 2.8.1
    optional: true

  '@emnapi/wasi-threads@1.1.0':
    dependencies:
      tslib: 2.8.1
    optional: true

  '@napi-rs/wasm-runtime@1.0.7':
    dependencies:
      '@emnapi/core': 1.7.1
      '@emnapi/runtime': 1.7.1
      '@tybys/wasm-util': 0.10.1
    optional: true

  '@oxc-project/runtime@0.99.0': {}

  '@oxc-project/types@0.99.0': {}

  '@rolldown/binding-android-arm64@1.0.0-beta.52':
    optional: true

  '@rolldown/binding-darwin-arm64@1.0.0-beta.52':
    optional: true

  '@rolldown/binding-darwin-x64@1.0.0-beta.52':
    optional: true

  '@rolldown/binding-freebsd-x64@1.0.0-beta.52':
    optional: true

  '@rolldown/binding-linux-arm-gnueabihf@1.0.0-beta.52':
    optional: true

  '@rolldown/binding-linux-arm64-gnu@1.0.0-beta.52':
    optional: true

  '@rolldown/binding-linux-arm64-musl@1.0.0-beta.52':
    optional: true

  '@rolldown/binding-linux-x64-gnu@1.0.0-beta.52':
    optional: true

  '@rolldown/binding-linux-x64-musl@1.0.0-beta.52':
    optional: true

  '@rolldown/binding-openharmony-arm64@1.0.0-beta.52':
    optional: true

  '@rolldown/binding-wasm32-wasi@1.0.0-beta.52':
    dependencies:
      '@napi-rs/wasm-runtime': 1.0.7
    optional: true

  '@rolldown/binding-win32-arm64-msvc@1.0.0-beta.52':
    optional: true

  '@rolldown/binding-win32-ia32-msvc@1.0.0-beta.52':
    optional: true

  '@rolldown/binding-win32-x64-msvc@1.0.0-beta.52':
    optional: true

  '@rolldown/pluginutils@1.0.0-beta.52': {}

  '@tybys/wasm-util@0.10.1':
    dependencies:
      tslib: 2.8.1
    optional: true

  '@types/ramda@0.31.1':
    dependencies:
      types-ramda: 0.31.0

  ramda@0.32.0: {}

  rolldown@1.0.0-beta.52:
    dependencies:
      '@oxc-project/types': 0.99.0
      '@rolldown/pluginutils': 1.0.0-beta.52
    optionalDependencies:
      '@rolldown/binding-android-arm64': 1.0.0-beta.52
      '@rolldown/binding-darwin-arm64': 1.0.0-beta.52
      '@rolldown/binding-darwin-x64': 1.0.0-beta.52
      '@rolldown/binding-freebsd-x64': 1.0.0-beta.52
      '@rolldown/binding-linux-arm-gnueabihf': 1.0.0-beta.52
      '@rolldown/binding-linux-arm64-gnu': 1.0.0-beta.52
      '@rolldown/binding-linux-arm64-musl': 1.0.0-beta.52
      '@rolldown/binding-linux-x64-gnu': 1.0.0-beta.52
      '@rolldown/binding-linux-x64-musl': 1.0.0-beta.52
      '@rolldown/binding-openharmony-arm64': 1.0.0-beta.52
      '@rolldown/binding-wasm32-wasi': 1.0.0-beta.52
      '@rolldown/binding-win32-arm64-msvc': 1.0.0-beta.52
      '@rolldown/binding-win32-ia32-msvc': 1.0.0-beta.52
      '@rolldown/binding-win32-x64-msvc': 1.0.0-beta.52

  ts-toolbelt@9.6.0: {}

  tslib@2.8.1:
    optional: true

  types-ramda@0.31.0:
    dependencies:
      ts-toolbelt: 9.6.0

  typescript@5.9.3: {}

  unrun@0.2.13:
    dependencies:
      '@oxc-project/runtime': 0.99.0
      rolldown: 1.0.0-beta.52
